
Microsoft Visual Studio Solution File, Format Version 12.00
# Visual Studio Version 17
VisualStudioVersion = 17.0.31903.59
MinimumVisualStudioVersion = 10.0.40219.1
Project("{2150E333-8FDC-42A3-9474-1A3956D46DE8}") = "src", "src", "{3A207774-E17F-4A72-AB14-40344D9EF0DC}"
EndProject
Project("{FAE04EC0-301F-11D3-BF4B-00C04F79EFBC}") = "QudraTech.Api", "src\QudraTech.Api\QudraTech.Api.csproj", "{511380E0-A94F-45B3-9B9F-0A6AE463976C}"
EndProject
Project("{FAE04EC0-301F-11D3-BF4B-00C04F79EFBC}") = "QudraTech.Application", "src\QudraTech.Application\QudraTech.Application.csproj", "{1C52215A-2AF6-411F-A622-0ED3ABF06D8D}"
EndProject
Project("{FAE04EC0-301F-11D3-BF4B-00C04F79EFBC}") = "QudraTech.Domain", "src\QudraTech.Domain\QudraTech.Domain.csproj", "{78749929-FF5F-4578-9586-34F119CFDA63}"
EndProject
Project("{FAE04EC0-301F-11D3-BF4B-00C04F79EFBC}") = "QudraTech.Infrastructure", "src\QudraTech.Infrastructure\QudraTech.Infrastructure.csproj", "{9982CD87-7196-469A-A785-75ED6DBD8B8E}"
EndProject
Global
	GlobalSection(SolutionConfigurationPlatforms) = preSolution
		Debug|Any CPU = Debug|Any CPU
		Release|Any CPU = Release|Any CPU
	EndGlobalSection
	GlobalSection(SolutionProperties) = preSolution
		HideSolutionNode = FALSE
	EndGlobalSection
	GlobalSection(ProjectConfigurationPlatforms) = postSolution
		{511380E0-A94F-45B3-9B9F-0A6AE463976C}.Debug|Any CPU.ActiveCfg = Debug|Any CPU
		{511380E0-A94F-45B3-9B9F-0A6AE463976C}.Debug|Any CPU.Build.0 = Debug|Any CPU
		{511380E0-A94F-45B3-9B9F-0A6AE463976C}.Release|Any CPU.ActiveCfg = Release|Any CPU
		{511380E0-A94F-45B3-9B9F-0A6AE463976C}.Release|Any CPU.Build.0 = Release|Any CPU
		{1C52215A-2AF6-411F-A622-0ED3ABF06D8D}.Debug|Any CPU.ActiveCfg = Debug|Any CPU
		{1C52215A-2AF6-411F-A622-0ED3ABF06D8D}.Debug|Any CPU.Build.0 = Debug|Any CPU
		{1C52215A-2AF6-411F-A622-0ED3ABF06D8D}.Release|Any CPU.ActiveCfg = Release|Any CPU
		{1C52215A-2AF6-411F-A622-0ED3ABF06D8D}.Release|Any CPU.Build.0 = Release|Any CPU
		{78749929-FF5F-4578-9586-34F119CFDA63}.Debug|Any CPU.ActiveCfg = Debug|Any CPU
		{78749929-FF5F-4578-9586-34F119CFDA63}.Debug|Any CPU.Build.0 = Debug|Any CPU
		{78749929-FF5F-4578-9586-34F119CFDA63}.Release|Any CPU.ActiveCfg = Release|Any CPU
		{78749929-FF5F-4578-9586-34F119CFDA63}.Release|Any CPU.Build.0 = Release|Any CPU
		{9982CD87-7196-469A-A785-75ED6DBD8B8E}.Debug|Any CPU.ActiveCfg = Debug|Any CPU
		{9982CD87-7196-469A-A785-75ED6DBD8B8E}.Debug|Any CPU.Build.0 = Debug|Any CPU
		{9982CD87-7196-469A-A785-75ED6DBD8B8E}.Release|Any CPU.ActiveCfg = Release|Any CPU
		{9982CD87-7196-469A-A785-75ED6DBD8B8E}.Release|Any CPU.Build.0 = Release|Any CPU
	EndGlobalSection
	GlobalSection(NestedProjects) = preSolution
		{511380E0-A94F-45B3-9B9F-0A6AE463976C} = {3A207774-E17F-4A72-AB14-40344D9EF0DC}
		{1C52215A-2AF6-411F-A622-0ED3ABF06D8D} = {3A207774-E17F-4A72-AB14-40344D9EF0DC}
		{78749929-FF5F-4578-9586-34F119CFDA63} = {3A207774-E17F-4A72-AB14-40344D9EF0DC}
		{9982CD87-7196-469A-A785-75ED6DBD8B8E} = {3A207774-E17F-4A72-AB14-40344D9EF0DC}
	EndGlobalSection
EndGlobal
